<?xml version="1.0" encoding="utf-8"?>
<Project ToolsVersion="4.0" xmlns="http://schemas.microsoft.com/developer/msbuild/2003">
  <ItemGroup>
    <Filter Include="source">
      <UniqueIdentifier>{87b24a51-3aec-429a-8529-2919c5df385d}</UniqueIdentifier>
      <Extensions>cpp;c;cxx;def;odl;idl;hpj;bat;asm</Extensions>
    </Filter>
    <Filter Include="include">
      <UniqueIdentifier>{eb9fb02a-407b-4e08-b489-e531bba04643}</UniqueIdentifier>
      <Extensions>h;hpp;hxx;hm;inl;inc</Extensions>
    </Filter>
    <Filter Include="resource">
      <UniqueIdentifier>{0d49f789-8b8d-46e0-8356-f340a166f0e4}</UniqueIdentifier>
      <Extensions>rc;ico;cur;bmp;dlg;rc2;rct;bin;rgs;jpg;jpeg;jpe;png;manifest</Extensions>
    </Filter>
    <Filter Include="source\support">
      <UniqueIdentifier>{985ac13d-2be0-4b70-86ab-a028d8502d8b}</UniqueIdentifier>
    </Filter>
    <Filter Include="include\support">
      <UniqueIdentifier>{77670c04-ee35-4694-b3a1-74a0070b9d5b}</UniqueIdentifier>
    </Filter>
    <Filter Include="include\levels">
      <UniqueIdentifier>{3db0ad10-c710-4295-8901-b6c35853a9c2}</UniqueIdentifier>
    </Filter>
    <Filter Include="source\levels">
      <UniqueIdentifier>{5e497248-6e15-4e33-a627-ec00d26943e9}</UniqueIdentifier>
    </Filter>
  </ItemGroup>
  <ItemGroup>
    <Image Include="res\FindingHome.ico">
      <Filter>resource</Filter>
    </Image>
  </ItemGroup>
  <ItemGroup>
    <ResourceCompile Include="FindingHome.rc">
      <Filter>resource</Filter>
    </ResourceCompile>
  </ItemGroup>
  <ItemGroup>
    <ClInclude Include="..\Classes\AppDelegate.h">
      <Filter>include\support</Filter>
    </ClInclude>
    <ClInclude Include="resource.h">
      <Filter>include\support</Filter>
    </ClInclude>
    <ClInclude Include="..\Classes\MainScene.h">
      <Filter>include</Filter>
    </ClInclude>
    <ClInclude Include="..\Classes\Settings.h">
      <Filter>include</Filter>
    </ClInclude>
    <ClInclude Include="..\Classes\Physics.h">
      <Filter>include</Filter>
    </ClInclude>
    <ClInclude Include="..\Classes\LevelLoader.h">
      <Filter>include\levels</Filter>
    </ClInclude>
    <ClInclude Include="..\Classes\XMLHelper.h">
      <Filter>include\levels</Filter>
    </ClInclude>
    <ClInclude Include="..\Classes\CustomProperty.h">
      <Filter>include\levels</Filter>
    </ClInclude>
    <ClInclude Include="..\Classes\ShapeHelper.h">
      <Filter>include\levels</Filter>
    </ClInclude>
    <ClInclude Include="..\Classes\LevelNodeInfo.h">
      <Filter>include\levels</Filter>
    </ClInclude>
    <ClInclude Include="..\Classes\WeatherHelper.h">
      <Filter>include\levels</Filter>
    </ClInclude>
    <ClInclude Include="..\Classes\extern\B2DebugDrawLayer.h">
      <Filter>include\support</Filter>
    </ClInclude>
    <ClInclude Include="..\Classes\extern\GLES-Render.h">
      <Filter>include\support</Filter>
    </ClInclude>
    <ClInclude Include="main.h">
      <Filter>include\support</Filter>
    </ClInclude>
    <ClInclude Include="..\Classes\extern\CCTexture2DMutable.h">
      <Filter>include\support</Filter>
    </ClInclude>
    <ClInclude Include="..\Classes\TintShader.h">
      <Filter>include\levels</Filter>
    </ClInclude>
    <ClInclude Include="..\Classes\KeyboardHelper.h">
      <Filter>include</Filter>
    </ClInclude>
  </ItemGroup>
  <ItemGroup>
    <ClCompile Include="..\Classes\AppDelegate.cpp">
      <Filter>source\support</Filter>
    </ClCompile>
    <ClCompile Include="..\Classes\MainScene.cpp">
      <Filter>source</Filter>
    </ClCompile>
    <ClCompile Include="..\Classes\LevelLoader.cpp">
      <Filter>source\levels</Filter>
    </ClCompile>
    <ClCompile Include="..\Classes\XMLHelper.cpp">
      <Filter>source\levels</Filter>
    </ClCompile>
    <ClCompile Include="..\Classes\CustomProperty.cpp">
      <Filter>source\levels</Filter>
    </ClCompile>
    <ClCompile Include="..\Classes\ShapeHelper.cpp">
      <Filter>source\levels</Filter>
    </ClCompile>
    <ClCompile Include="..\Classes\WeatherHelper.cpp">
      <Filter>source\levels</Filter>
    </ClCompile>
    <ClCompile Include="..\Classes\extern\B2DebugDrawLayer.cpp">
      <Filter>source\support</Filter>
    </ClCompile>
    <ClCompile Include="..\Classes\extern\GLES-Render.cpp">
      <Filter>source\support</Filter>
    </ClCompile>
    <ClCompile Include="main.cpp">
      <Filter>source\support</Filter>
    </ClCompile>
    <ClCompile Include="..\Classes\extern\CCTexture2DMutable.cpp">
      <Filter>source\support</Filter>
    </ClCompile>
    <ClCompile Include="..\Classes\TintShader.cpp">
      <Filter>source\levels</Filter>
    </ClCompile>
    <ClCompile Include="..\Classes\KeyboardHelper.cpp">
      <Filter>source</Filter>
    </ClCompile>
  </ItemGroup>
  <ItemGroup>
    <None Include="..\Resources\TintShader.fsh">
      <Filter>resource</Filter>
    </None>
    <None Include="..\Resources\TintShader.vsh">
      <Filter>resource</Filter>
    </None>
  </ItemGroup>
</Project>